
Microsoft Visual Studio Solution File, Format Version 12.00
# Visual Studio Version 16
VisualStudioVersion = 16.0.29609.76
MinimumVisualStudioVersion = 10.0.40219.1
Project("{9A19103F-16F7-4668-BE54-9A1E7A4F7556}") = "MyApiProject", "MyApiProyect\MyApiProject.csproj", "{0C028EE4-EE53-4233-9C31-2DC09C7D3EE0}"
EndProject
Global
	GlobalSection(SolutionConfigurationPlatforms) = preSolution
		Debug|Any CPU = Debug|Any CPU
		Release|Any CPU = Release|Any CPU
	EndGlobalSection
	GlobalSection(ProjectConfigurationPlatforms) = postSolution
		{0C028EE4-EE53-4233-9C31-2DC09C7D3EE0}.Debug|Any CPU.ActiveCfg = Debug|Any CPU
		{0C028EE4-EE53-4233-9C31-2DC09C7D3EE0}.Debug|Any CPU.Build.0 = Debug|Any CPU
		{0C028EE4-EE53-4233-9C31-2DC09C7D3EE0}.Release|Any CPU.ActiveCfg = Release|Any CPU
		{0C028EE4-EE53-4233-9C31-2DC09C7D3EE0}.Release|Any CPU.Build.0 = Release|Any CPU
	EndGlobalSection
	GlobalSection(SolutionProperties) = preSolution
		HideSolutionNode = FALSE
	EndGlobalSection
	GlobalSection(ExtensibilityGlobals) = postSolution
		SolutionGuid = {8933F47C-B927-4523-AA4C-B64F5FEADBF8}
	EndGlobalSection
EndGlobal
